
Microsoft Visual Studio Solution File, Format Version 12.00
# Visual Studio Version 17
VisualStudioVersion = 17.1.32210.238
MinimumVisualStudioVersion = 10.0.40219.1
Project("{9A19103F-16F7-4668-BE54-9A1E7A4F7556}") = "ModernWpf", "ModernWpf\ModernWpf.csproj", "{26077890-EB28-4B1F-9805-490479DC720F}"
EndProject
Project("{9A19103F-16F7-4668-BE54-9A1E7A4F7556}") = "ModernWpf.Controls", "ModernWpf.Controls\ModernWpf.Controls.csproj", "{35B5D7A3-4E57-4661-A907-A1CC41D2AADA}"
EndProject
Project("{2150E333-8FDC-42A3-9474-1A3956D46DE8}") = "Solution Items", "Solution Items", "{1387DCAB-42A4-4F47-9E85-16998E2D9C71}"
	ProjectSection(SolutionItems) = preProject
		Directory.Build.targets = Directory.Build.targets
		Settings.XamlStyler = Settings.XamlStyler
	EndProjectSection
EndProject
Project("{2150E333-8FDC-42A3-9474-1A3956D46DE8}") = "Samples", "Samples", "{0139F4FA-31B7-489D-ACDC-C2C5BB9411AC}"
EndProject
Project("{9A19103F-16F7-4668-BE54-9A1E7A4F7556}") = "NavigationViewSample", "NavigationViewSample\NavigationViewSample.csproj", "{043110DE-2B0B-406E-B42F-75C8C9697275}"
EndProject
Project("{FAE04EC0-301F-11D3-BF4B-00C04F79EFBC}") = "WpfLibrary", "WpfLibrary\WpfLibrary.csproj", "{A9403D22-F73F-40FF-967E-9F9B4DA87DF4}"
EndProject
Global
	GlobalSection(SolutionConfigurationPlatforms) = preSolution
		Debug|Any CPU = Debug|Any CPU
		Debug|ARM = Debug|ARM
		Debug|ARM64 = Debug|ARM64
		Debug|x64 = Debug|x64
		Debug|x86 = Debug|x86
		Release|Any CPU = Release|Any CPU
		Release|ARM = Release|ARM
		Release|ARM64 = Release|ARM64
		Release|x64 = Release|x64
		Release|x86 = Release|x86
	EndGlobalSection
	GlobalSection(ProjectConfigurationPlatforms) = postSolution
		{26077890-EB28-4B1F-9805-490479DC720F}.Debug|Any CPU.ActiveCfg = Debug|Any CPU
		{26077890-EB28-4B1F-9805-490479DC720F}.Debug|Any CPU.Build.0 = Debug|Any CPU
		{26077890-EB28-4B1F-9805-490479DC720F}.Debug|ARM.ActiveCfg = Debug|Any CPU
		{26077890-EB28-4B1F-9805-490479DC720F}.Debug|ARM.Build.0 = Debug|Any CPU
		{26077890-EB28-4B1F-9805-490479DC720F}.Debug|ARM64.ActiveCfg = Debug|Any CPU
		{26077890-EB28-4B1F-9805-490479DC720F}.Debug|ARM64.Build.0 = Debug|Any CPU
		{26077890-EB28-4B1F-9805-490479DC720F}.Debug|x64.ActiveCfg = Debug|Any CPU
		{26077890-EB28-4B1F-9805-490479DC720F}.Debug|x64.Build.0 = Debug|Any CPU
		{26077890-EB28-4B1F-9805-490479DC720F}.Debug|x86.ActiveCfg = Debug|Any CPU
		{26077890-EB28-4B1F-9805-490479DC720F}.Debug|x86.Build.0 = Debug|Any CPU
		{26077890-EB28-4B1F-9805-490479DC720F}.Release|Any CPU.ActiveCfg = Release|Any CPU
		{26077890-EB28-4B1F-9805-490479DC720F}.Release|Any CPU.Build.0 = Release|Any CPU
		{26077890-EB28-4B1F-9805-490479DC720F}.Release|ARM.ActiveCfg = Release|Any CPU
		{26077890-EB28-4B1F-9805-490479DC720F}.Release|ARM.Build.0 = Release|Any CPU
		{26077890-EB28-4B1F-9805-490479DC720F}.Release|ARM64.ActiveCfg = Release|Any CPU
		{26077890-EB28-4B1F-9805-490479DC720F}.Release|ARM64.Build.0 = Release|Any CPU
		{26077890-EB28-4B1F-9805-490479DC720F}.Release|x64.ActiveCfg = Release|Any CPU
		{26077890-EB28-4B1F-9805-490479DC720F}.Release|x64.Build.0 = Release|Any CPU
		{26077890-EB28-4B1F-9805-490479DC720F}.Release|x86.ActiveCfg = Release|Any CPU
		{26077890-EB28-4B1F-9805-490479DC720F}.Release|x86.Build.0 = Release|Any CPU
		{35B5D7A3-4E57-4661-A907-A1CC41D2AADA}.Debug|Any CPU.ActiveCfg = Debug|Any CPU
		{35B5D7A3-4E57-4661-A907-A1CC41D2AADA}.Debug|Any CPU.Build.0 = Debug|Any CPU
		{35B5D7A3-4E57-4661-A907-A1CC41D2AADA}.Debug|ARM.ActiveCfg = Debug|Any CPU
		{35B5D7A3-4E57-4661-A907-A1CC41D2AADA}.Debug|ARM.Build.0 = Debug|Any CPU
		{35B5D7A3-4E57-4661-A907-A1CC41D2AADA}.Debug|ARM64.ActiveCfg = Debug|Any CPU
		{35B5D7A3-4E57-4661-A907-A1CC41D2AADA}.Debug|ARM64.Build.0 = Debug|Any CPU
		{35B5D7A3-4E57-4661-A907-A1CC41D2AADA}.Debug|x64.ActiveCfg = Debug|Any CPU
		{35B5D7A3-4E57-4661-A907-A1CC41D2AADA}.Debug|x64.Build.0 = Debug|Any CPU
		{35B5D7A3-4E57-4661-A907-A1CC41D2AADA}.Debug|x86.ActiveCfg = Debug|Any CPU
		{35B5D7A3-4E57-4661-A907-A1CC41D2AADA}.Debug|x86.Build.0 = Debug|Any CPU
		{35B5D7A3-4E57-4661-A907-A1CC41D2AADA}.Release|Any CPU.ActiveCfg = Release|Any CPU
		{35B5D7A3-4E57-4661-A907-A1CC41D2AADA}.Release|Any CPU.Build.0 = Release|Any CPU
		{35B5D7A3-4E57-4661-A907-A1CC41D2AADA}.Release|ARM.ActiveCfg = Release|Any CPU
		{35B5D7A3-4E57-4661-A907-A1CC41D2AADA}.Release|ARM.Build.0 = Release|Any CPU
		{35B5D7A3-4E57-4661-A907-A1CC41D2AADA}.Release|ARM64.ActiveCfg = Release|Any CPU
		{35B5D7A3-4E57-4661-A907-A1CC41D2AADA}.Release|ARM64.Build.0 = Release|Any CPU
		{35B5D7A3-4E57-4661-A907-A1CC41D2AADA}.Release|x64.ActiveCfg = Release|Any CPU
		{35B5D7A3-4E57-4661-A907-A1CC41D2AADA}.Release|x64.Build.0 = Release|Any CPU
		{35B5D7A3-4E57-4661-A907-A1CC41D2AADA}.Release|x86.ActiveCfg = Release|Any CPU
		{35B5D7A3-4E57-4661-A907-A1CC41D2AADA}.Release|x86.Build.0 = Release|Any CPU
		{043110DE-2B0B-406E-B42F-75C8C9697275}.Debug|Any CPU.ActiveCfg = Debug|Any CPU
		{043110DE-2B0B-406E-B42F-75C8C9697275}.Debug|Any CPU.Build.0 = Debug|Any CPU
		{043110DE-2B0B-406E-B42F-75C8C9697275}.Debug|ARM.ActiveCfg = Debug|Any CPU
		{043110DE-2B0B-406E-B42F-75C8C9697275}.Debug|ARM.Build.0 = Debug|Any CPU
		{043110DE-2B0B-406E-B42F-75C8C9697275}.Debug|ARM64.ActiveCfg = Debug|Any CPU
		{043110DE-2B0B-406E-B42F-75C8C9697275}.Debug|ARM64.Build.0 = Debug|Any CPU
		{043110DE-2B0B-406E-B42F-75C8C9697275}.Debug|x64.ActiveCfg = Debug|Any CPU
		{043110DE-2B0B-406E-B42F-75C8C9697275}.Debug|x64.Build.0 = Debug|Any CPU
		{043110DE-2B0B-406E-B42F-75C8C9697275}.Debug|x86.ActiveCfg = Debug|Any CPU
		{043110DE-2B0B-406E-B42F-75C8C9697275}.Debug|x86.Build.0 = Debug|Any CPU
		{043110DE-2B0B-406E-B42F-75C8C9697275}.Release|Any CPU.ActiveCfg = Release|Any CPU
		{043110DE-2B0B-406E-B42F-75C8C9697275}.Release|Any CPU.Build.0 = Release|Any CPU
		{043110DE-2B0B-406E-B42F-75C8C9697275}.Release|ARM.ActiveCfg = Release|Any CPU
		{043110DE-2B0B-406E-B42F-75C8C9697275}.Release|ARM.Build.0 = Release|Any CPU
		{043110DE-2B0B-406E-B42F-75C8C9697275}.Release|ARM64.ActiveCfg = Release|Any CPU
		{043110DE-2B0B-406E-B42F-75C8C9697275}.Release|ARM64.Build.0 = Release|Any CPU
		{043110DE-2B0B-406E-B42F-75C8C9697275}.Release|x64.ActiveCfg = Release|Any CPU
		{043110DE-2B0B-406E-B42F-75C8C9697275}.Release|x64.Build.0 = Release|Any CPU
		{043110DE-2B0B-406E-B42F-75C8C9697275}.Release|x86.ActiveCfg = Release|Any CPU
		{043110DE-2B0B-406E-B42F-75C8C9697275}.Release|x86.Build.0 = Release|Any CPU
		{A9403D22-F73F-40FF-967E-9F9B4DA87DF4}.Debug|Any CPU.ActiveCfg = Debug|Any CPU
		{A9403D22-F73F-40FF-967E-9F9B4DA87DF4}.Debug|Any CPU.Build.0 = Debug|Any CPU
		{A9403D22-F73F-40FF-967E-9F9B4DA87DF4}.Debug|ARM.ActiveCfg = Debug|Any CPU
		{A9403D22-F73F-40FF-967E-9F9B4DA87DF4}.Debug|ARM.Build.0 = Debug|Any CPU
		{A9403D22-F73F-40FF-967E-9F9B4DA87DF4}.Debug|ARM64.ActiveCfg = Debug|Any CPU
		{A9403D22-F73F-40FF-967E-9F9B4DA87DF4}.Debug|ARM64.Build.0 = Debug|Any CPU
		{A9403D22-F73F-40FF-967E-9F9B4DA87DF4}.Debug|x64.ActiveCfg = Debug|Any CPU
		{A9403D22-F73F-40FF-967E-9F9B4DA87DF4}.Debug|x64.Build.0 = Debug|Any CPU
		{A9403D22-F73F-40FF-967E-9F9B4DA87DF4}.Debug|x86.ActiveCfg = Debug|Any CPU
		{A9403D22-F73F-40FF-967E-9F9B4DA87DF4}.Debug|x86.Build.0 = Debug|Any CPU
		{A9403D22-F73F-40FF-967E-9F9B4DA87DF4}.Release|Any CPU.ActiveCfg = Release|Any CPU
		{A9403D22-F73F-40FF-967E-9F9B4DA87DF4}.Release|Any CPU.Build.0 = Release|Any CPU
		{A9403D22-F73F-40FF-967E-9F9B4DA87DF4}.Release|ARM.ActiveCfg = Release|Any CPU
		{A9403D22-F73F-40FF-967E-9F9B4DA87DF4}.Release|ARM.Build.0 = Release|Any CPU
		{A9403D22-F73F-40FF-967E-9F9B4DA87DF4}.Release|ARM64.ActiveCfg = Release|Any CPU
		{A9403D22-F73F-40FF-967E-9F9B4DA87DF4}.Release|ARM64.Build.0 = Release|Any CPU
		{A9403D22-F73F-40FF-967E-9F9B4DA87DF4}.Release|x64.ActiveCfg = Release|Any CPU
		{A9403D22-F73F-40FF-967E-9F9B4DA87DF4}.Release|x64.Build.0 = Release|Any CPU
		{A9403D22-F73F-40FF-967E-9F9B4DA87DF4}.Release|x86.ActiveCfg = Release|Any CPU
		{A9403D22-F73F-40FF-967E-9F9B4DA87DF4}.Release|x86.Build.0 = Release|Any CPU
	EndGlobalSection
	GlobalSection(SolutionProperties) = preSolution
		HideSolutionNode = FALSE
	EndGlobalSection
	GlobalSection(NestedProjects) = preSolution
		{043110DE-2B0B-406E-B42F-75C8C9697275} = {0139F4FA-31B7-489D-ACDC-C2C5BB9411AC}
		{A9403D22-F73F-40FF-967E-9F9B4DA87DF4} = {0139F4FA-31B7-489D-ACDC-C2C5BB9411AC}
	EndGlobalSection
	GlobalSection(ExtensibilityGlobals) = postSolution
		SolutionGuid = {6251E140-0FAA-4DE9-B245-1C5BE188E578}
	EndGlobalSection
EndGlobal
